
Microsoft Visual Studio Solution File, Format Version 12.00
# Visual Studio Version 16
VisualStudioVersion = 16.0.810.4
MinimumVisualStudioVersion = 10.0.40219.1
Project("{FAE04EC0-301F-11D3-BF4B-00C04F79EFBC}") = "BookStore", "BookStore\BookStore.csproj", "{F59EB8A0-0B2B-419E-AFA1-E1F48806F283}"
EndProject
Project("{FAE04EC0-301F-11D3-BF4B-00C04F79EFBC}") = "BookStoreUnitTest", "BookStoreUnitTest\BookStoreUnitTest.csproj", "{F7932971-61B8-437D-A289-362EE4BB03C2}"
EndProject
Global
	GlobalSection(SolutionConfigurationPlatforms) = preSolution
		Debug|Any CPU = Debug|Any CPU
		Release|Any CPU = Release|Any CPU
	EndGlobalSection
	GlobalSection(ProjectConfigurationPlatforms) = postSolution
		{F59EB8A0-0B2B-419E-AFA1-E1F48806F283}.Debug|Any CPU.ActiveCfg = Debug|Any CPU
		{F59EB8A0-0B2B-419E-AFA1-E1F48806F283}.Debug|Any CPU.Build.0 = Debug|Any CPU
		{F59EB8A0-0B2B-419E-AFA1-E1F48806F283}.Release|Any CPU.ActiveCfg = Release|Any CPU
		{F59EB8A0-0B2B-419E-AFA1-E1F48806F283}.Release|Any CPU.Build.0 = Release|Any CPU
		{F7932971-61B8-437D-A289-362EE4BB03C2}.Debug|Any CPU.ActiveCfg = Debug|Any CPU
		{F7932971-61B8-437D-A289-362EE4BB03C2}.Debug|Any CPU.Build.0 = Debug|Any CPU
		{F7932971-61B8-437D-A289-362EE4BB03C2}.Release|Any CPU.ActiveCfg = Release|Any CPU
		{F7932971-61B8-437D-A289-362EE4BB03C2}.Release|Any CPU.Build.0 = Release|Any CPU
	EndGlobalSection
	GlobalSection(SolutionProperties) = preSolution
		HideSolutionNode = FALSE
	EndGlobalSection
	GlobalSection(ExtensibilityGlobals) = postSolution
		SolutionGuid = {517BE786-D0B8-430C-9E08-8C3A07A3ADB0}
	EndGlobalSection
EndGlobal
